
Microsoft Visual Studio Solution File, Format Version 12.00
# Visual Studio Version 16
VisualStudioVersion = 16.0.29102.190
MinimumVisualStudioVersion = 10.0.40219.1
Project("{FAE04EC0-301F-11D3-BF4B-00C04F79EFBC}") = "MVPDemo", "MVPDemo\MVPDemo.csproj", "{A30BFDE6-754B-4313-8063-D527B3A25464}"
EndProject
Global
	GlobalSection(SolutionConfigurationPlatforms) = preSolution
		Debug|Any CPU = Debug|Any CPU
		Release|Any CPU = Release|Any CPU
	EndGlobalSection
	GlobalSection(ProjectConfigurationPlatforms) = postSolution
		{A30BFDE6-754B-4313-8063-D527B3A25464}.Debug|Any CPU.ActiveCfg = Debug|Any CPU
		{A30BFDE6-754B-4313-8063-D527B3A25464}.Debug|Any CPU.Build.0 = Debug|Any CPU
		{A30BFDE6-754B-4313-8063-D527B3A25464}.Release|Any CPU.ActiveCfg = Release|Any CPU
		{A30BFDE6-754B-4313-8063-D527B3A25464}.Release|Any CPU.Build.0 = Release|Any CPU
	EndGlobalSection
	GlobalSection(SolutionProperties) = preSolution
		HideSolutionNode = FALSE
	EndGlobalSection
	GlobalSection(ExtensibilityGlobals) = postSolution
		SolutionGuid = {F049829C-4BC3-4481-B2BB-B12C73A16604}
	EndGlobalSection
EndGlobal
